
Microsoft Visual Studio Solution File, Format Version 12.00
# Visual Studio 15
VisualStudioVersion = 15.0.28307.902
MinimumVisualStudioVersion = 10.0.40219.1
Project("{FAE04EC0-301F-11D3-BF4B-00C04F79EFBC}") = "itelec4", "itelec4\itelec4.csproj", "{6B0AC7B8-EA29-4A11-B6E3-3AEFF2D5FE2A}"
EndProject
Global
	GlobalSection(SolutionConfigurationPlatforms) = preSolution
		Debug|Any CPU = Debug|Any CPU
		Release|Any CPU = Release|Any CPU
	EndGlobalSection
	GlobalSection(ProjectConfigurationPlatforms) = postSolution
		{6B0AC7B8-EA29-4A11-B6E3-3AEFF2D5FE2A}.Debug|Any CPU.ActiveCfg = Debug|Any CPU
		{6B0AC7B8-EA29-4A11-B6E3-3AEFF2D5FE2A}.Debug|Any CPU.Build.0 = Debug|Any CPU
		{6B0AC7B8-EA29-4A11-B6E3-3AEFF2D5FE2A}.Release|Any CPU.ActiveCfg = Release|Any CPU
		{6B0AC7B8-EA29-4A11-B6E3-3AEFF2D5FE2A}.Release|Any CPU.Build.0 = Release|Any CPU
	EndGlobalSection
	GlobalSection(SolutionProperties) = preSolution
		HideSolutionNode = FALSE
	EndGlobalSection
	GlobalSection(ExtensibilityGlobals) = postSolution
		SolutionGuid = {BC86971C-5C43-4DE0-AC2C-2A566A5C97C5}
	EndGlobalSection
EndGlobal
